
Microsoft Visual Studio Solution File, Format Version 12.00
Project("{FAE04EC0-301F-11D3-BF4B-00C04F79EFBC}") = "FinanceTracker", "FinanceTracker\FinanceTracker.csproj", "{AAE055D7-E500-48A9-A018-957FAEE268AE}"
EndProject
Global
	GlobalSection(SolutionConfigurationPlatforms) = preSolution
		Debug|Any CPU = Debug|Any CPU
		Release|Any CPU = Release|Any CPU
	EndGlobalSection
	GlobalSection(ProjectConfigurationPlatforms) = postSolution
		{AAE055D7-E500-48A9-A018-957FAEE268AE}.Debug|Any CPU.ActiveCfg = Debug|Any CPU
		{AAE055D7-E500-48A9-A018-957FAEE268AE}.Debug|Any CPU.Build.0 = Debug|Any CPU
		{AAE055D7-E500-48A9-A018-957FAEE268AE}.Release|Any CPU.ActiveCfg = Release|Any CPU
		{AAE055D7-E500-48A9-A018-957FAEE268AE}.Release|Any CPU.Build.0 = Release|Any CPU
	EndGlobalSection
EndGlobal
